
Microsoft Visual Studio Solution File, Format Version 12.00
# Visual Studio Version 17
VisualStudioVersion = 17.10.35013.160
MinimumVisualStudioVersion = 10.0.40219.1
Project("{FAE04EC0-301F-11D3-BF4B-00C04F79EFBC}") = "stocktakingApi", "stocktakingApi.csproj", "{F446945E-3FD6-4E5F-AAA0-62AF58DB9B9F}"
EndProject
Global
	GlobalSection(SolutionConfigurationPlatforms) = preSolution
		Debug|Any CPU = Debug|Any CPU
		Release|Any CPU = Release|Any CPU
	EndGlobalSection
	GlobalSection(ProjectConfigurationPlatforms) = postSolution
		{F446945E-3FD6-4E5F-AAA0-62AF58DB9B9F}.Debug|Any CPU.ActiveCfg = Debug|Any CPU
		{F446945E-3FD6-4E5F-AAA0-62AF58DB9B9F}.Debug|Any CPU.Build.0 = Debug|Any CPU
		{F446945E-3FD6-4E5F-AAA0-62AF58DB9B9F}.Release|Any CPU.ActiveCfg = Release|Any CPU
		{F446945E-3FD6-4E5F-AAA0-62AF58DB9B9F}.Release|Any CPU.Build.0 = Release|Any CPU
	EndGlobalSection
	GlobalSection(SolutionProperties) = preSolution
		HideSolutionNode = FALSE
	EndGlobalSection
	GlobalSection(ExtensibilityGlobals) = postSolution
		SolutionGuid = {963EA251-EEF2-444B-A330-F2738F5EA86E}
	EndGlobalSection
EndGlobal
